
Microsoft Visual Studio Solution File, Format Version 12.00
# Visual Studio Version 17
VisualStudioVersion = 17.3.32825.248
MinimumVisualStudioVersion = 10.0.40219.1
Project("{FAE04EC0-301F-11D3-BF4B-00C04F79EFBC}") = "jestrella7.Android", "jestrella7.Android\jestrella7.Android.csproj", "{CB52C9AC-2A2A-4B8A-96D0-F878F22AE303}"
EndProject
Project("{FAE04EC0-301F-11D3-BF4B-00C04F79EFBC}") = "jestrella7.iOS", "jestrella7.iOS\jestrella7.iOS.csproj", "{2787BFAC-D56C-4FC7-8984-8F1A8131F345}"
EndProject
Project("{FAE04EC0-301F-11D3-BF4B-00C04F79EFBC}") = "jestrella7", "jestrella7\jestrella7.csproj", "{E12442E8-75CB-4677-8292-BF4FB19B9BF4}"
EndProject
Global
	GlobalSection(SolutionConfigurationPlatforms) = preSolution
		Debug|Any CPU = Debug|Any CPU
		Debug|iPhone = Debug|iPhone
		Debug|iPhoneSimulator = Debug|iPhoneSimulator
		Release|Any CPU = Release|Any CPU
		Release|iPhone = Release|iPhone
		Release|iPhoneSimulator = Release|iPhoneSimulator
	EndGlobalSection
	GlobalSection(ProjectConfigurationPlatforms) = postSolution
		{CB52C9AC-2A2A-4B8A-96D0-F878F22AE303}.Debug|Any CPU.ActiveCfg = Debug|Any CPU
		{CB52C9AC-2A2A-4B8A-96D0-F878F22AE303}.Debug|Any CPU.Build.0 = Debug|Any CPU
		{CB52C9AC-2A2A-4B8A-96D0-F878F22AE303}.Debug|Any CPU.Deploy.0 = Debug|Any CPU
		{CB52C9AC-2A2A-4B8A-96D0-F878F22AE303}.Debug|iPhone.ActiveCfg = Debug|Any CPU
		{CB52C9AC-2A2A-4B8A-96D0-F878F22AE303}.Debug|iPhone.Build.0 = Debug|Any CPU
		{CB52C9AC-2A2A-4B8A-96D0-F878F22AE303}.Debug|iPhone.Deploy.0 = Debug|Any CPU
		{CB52C9AC-2A2A-4B8A-96D0-F878F22AE303}.Debug|iPhoneSimulator.ActiveCfg = Debug|Any CPU
		{CB52C9AC-2A2A-4B8A-96D0-F878F22AE303}.Debug|iPhoneSimulator.Build.0 = Debug|Any CPU
		{CB52C9AC-2A2A-4B8A-96D0-F878F22AE303}.Debug|iPhoneSimulator.Deploy.0 = Debug|Any CPU
		{CB52C9AC-2A2A-4B8A-96D0-F878F22AE303}.Release|Any CPU.ActiveCfg = Release|Any CPU
		{CB52C9AC-2A2A-4B8A-96D0-F878F22AE303}.Release|Any CPU.Build.0 = Release|Any CPU
		{CB52C9AC-2A2A-4B8A-96D0-F878F22AE303}.Release|Any CPU.Deploy.0 = Release|Any CPU
		{CB52C9AC-2A2A-4B8A-96D0-F878F22AE303}.Release|iPhone.ActiveCfg = Release|Any CPU
		{CB52C9AC-2A2A-4B8A-96D0-F878F22AE303}.Release|iPhone.Build.0 = Release|Any CPU
		{CB52C9AC-2A2A-4B8A-96D0-F878F22AE303}.Release|iPhone.Deploy.0 = Release|Any CPU
		{CB52C9AC-2A2A-4B8A-96D0-F878F22AE303}.Release|iPhoneSimulator.ActiveCfg = Release|Any CPU
		{CB52C9AC-2A2A-4B8A-96D0-F878F22AE303}.Release|iPhoneSimulator.Build.0 = Release|Any CPU
		{CB52C9AC-2A2A-4B8A-96D0-F878F22AE303}.Release|iPhoneSimulator.Deploy.0 = Release|Any CPU
		{2787BFAC-D56C-4FC7-8984-8F1A8131F345}.Debug|Any CPU.ActiveCfg = Debug|iPhone
		{2787BFAC-D56C-4FC7-8984-8F1A8131F345}.Debug|Any CPU.Build.0 = Debug|iPhone
		{2787BFAC-D56C-4FC7-8984-8F1A8131F345}.Debug|Any CPU.Deploy.0 = Debug|iPhone
		{2787BFAC-D56C-4FC7-8984-8F1A8131F345}.Debug|iPhone.ActiveCfg = Debug|iPhone
		{2787BFAC-D56C-4FC7-8984-8F1A8131F345}.Debug|iPhone.Build.0 = Debug|iPhone
		{2787BFAC-D56C-4FC7-8984-8F1A8131F345}.Debug|iPhone.Deploy.0 = Debug|iPhone
		{2787BFAC-D56C-4FC7-8984-8F1A8131F345}.Debug|iPhoneSimulator.ActiveCfg = Debug|iPhoneSimulator
		{2787BFAC-D56C-4FC7-8984-8F1A8131F345}.Debug|iPhoneSimulator.Build.0 = Debug|iPhoneSimulator
		{2787BFAC-D56C-4FC7-8984-8F1A8131F345}.Debug|iPhoneSimulator.Deploy.0 = Debug|iPhoneSimulator
		{2787BFAC-D56C-4FC7-8984-8F1A8131F345}.Release|Any CPU.ActiveCfg = Release|iPhoneSimulator
		{2787BFAC-D56C-4FC7-8984-8F1A8131F345}.Release|Any CPU.Build.0 = Release|iPhoneSimulator
		{2787BFAC-D56C-4FC7-8984-8F1A8131F345}.Release|Any CPU.Deploy.0 = Release|iPhoneSimulator
		{2787BFAC-D56C-4FC7-8984-8F1A8131F345}.Release|iPhone.ActiveCfg = Release|iPhone
		{2787BFAC-D56C-4FC7-8984-8F1A8131F345}.Release|iPhone.Build.0 = Release|iPhone
		{2787BFAC-D56C-4FC7-8984-8F1A8131F345}.Release|iPhone.Deploy.0 = Release|iPhone
		{2787BFAC-D56C-4FC7-8984-8F1A8131F345}.Release|iPhoneSimulator.ActiveCfg = Release|iPhoneSimulator
		{2787BFAC-D56C-4FC7-8984-8F1A8131F345}.Release|iPhoneSimulator.Build.0 = Release|iPhoneSimulator
		{2787BFAC-D56C-4FC7-8984-8F1A8131F345}.Release|iPhoneSimulator.Deploy.0 = Release|iPhoneSimulator
		{E12442E8-75CB-4677-8292-BF4FB19B9BF4}.Debug|Any CPU.ActiveCfg = Debug|Any CPU
		{E12442E8-75CB-4677-8292-BF4FB19B9BF4}.Debug|Any CPU.Build.0 = Debug|Any CPU
		{E12442E8-75CB-4677-8292-BF4FB19B9BF4}.Debug|Any CPU.Deploy.0 = Debug|Any CPU
		{E12442E8-75CB-4677-8292-BF4FB19B9BF4}.Debug|iPhone.ActiveCfg = Debug|Any CPU
		{E12442E8-75CB-4677-8292-BF4FB19B9BF4}.Debug|iPhone.Build.0 = Debug|Any CPU
		{E12442E8-75CB-4677-8292-BF4FB19B9BF4}.Debug|iPhone.Deploy.0 = Debug|Any CPU
		{E12442E8-75CB-4677-8292-BF4FB19B9BF4}.Debug|iPhoneSimulator.ActiveCfg = Debug|Any CPU
		{E12442E8-75CB-4677-8292-BF4FB19B9BF4}.Debug|iPhoneSimulator.Build.0 = Debug|Any CPU
		{E12442E8-75CB-4677-8292-BF4FB19B9BF4}.Debug|iPhoneSimulator.Deploy.0 = Debug|Any CPU
		{E12442E8-75CB-4677-8292-BF4FB19B9BF4}.Release|Any CPU.ActiveCfg = Release|Any CPU
		{E12442E8-75CB-4677-8292-BF4FB19B9BF4}.Release|Any CPU.Build.0 = Release|Any CPU
		{E12442E8-75CB-4677-8292-BF4FB19B9BF4}.Release|Any CPU.Deploy.0 = Release|Any CPU
		{E12442E8-75CB-4677-8292-BF4FB19B9BF4}.Release|iPhone.ActiveCfg = Release|Any CPU
		{E12442E8-75CB-4677-8292-BF4FB19B9BF4}.Release|iPhone.Build.0 = Release|Any CPU
		{E12442E8-75CB-4677-8292-BF4FB19B9BF4}.Release|iPhone.Deploy.0 = Release|Any CPU
		{E12442E8-75CB-4677-8292-BF4FB19B9BF4}.Release|iPhoneSimulator.ActiveCfg = Release|Any CPU
		{E12442E8-75CB-4677-8292-BF4FB19B9BF4}.Release|iPhoneSimulator.Build.0 = Release|Any CPU
		{E12442E8-75CB-4677-8292-BF4FB19B9BF4}.Release|iPhoneSimulator.Deploy.0 = Release|Any CPU
	EndGlobalSection
	GlobalSection(SolutionProperties) = preSolution
		HideSolutionNode = FALSE
	EndGlobalSection
	GlobalSection(ExtensibilityGlobals) = postSolution
		SolutionGuid = {4CE82D02-C0A6-4FE3-9BCF-732FE9579D1E}
	EndGlobalSection
EndGlobal
